
Microsoft Visual Studio Solution File, Format Version 12.00
# Visual Studio Version 17
VisualStudioVersion = 17.5.33414.496
MinimumVisualStudioVersion = 10.0.40219.1
Project("{9A19103F-16F7-4668-BE54-9A1E7A4F7556}") = "Michi", "Michi.csproj", "{82D062CF-26A9-4920-959B-BA9371AFF687}"
EndProject
Global
	GlobalSection(SolutionConfigurationPlatforms) = preSolution
		Debug|Any CPU = Debug|Any CPU
		Release|Any CPU = Release|Any CPU
	EndGlobalSection
	GlobalSection(ProjectConfigurationPlatforms) = postSolution
		{82D062CF-26A9-4920-959B-BA9371AFF687}.Debug|Any CPU.ActiveCfg = Debug|Any CPU
		{82D062CF-26A9-4920-959B-BA9371AFF687}.Debug|Any CPU.Build.0 = Debug|Any CPU
		{82D062CF-26A9-4920-959B-BA9371AFF687}.Release|Any CPU.ActiveCfg = Release|Any CPU
		{82D062CF-26A9-4920-959B-BA9371AFF687}.Release|Any CPU.Build.0 = Release|Any CPU
	EndGlobalSection
	GlobalSection(SolutionProperties) = preSolution
		HideSolutionNode = FALSE
	EndGlobalSection
	GlobalSection(ExtensibilityGlobals) = postSolution
		SolutionGuid = {A3A52DF6-D91B-4C4F-BFB5-D6C69943C846}
	EndGlobalSection
EndGlobal
